{
  "version": 4,
  "terraform_version": "1.9.7",
  "serial": 20,
  "lineage": "f9040542-23cb-e35d-d94f-a7706747233e",
  "outputs": {
    "chiken-egg": {
      "value": [
        "🐔",
        "🥚"
      ],
      "type": [
        "list",
        "string"
      ]
    },
    "data-source-result": {
      "value": "valor do output",
      "type": "string"
    },
    "id-do-arquivo": {
      "value": "b13f216a762a76d4099b5bd650674885b6dba0d8",
      "type": "string"
    },
    "nome-do-arquivo": {
      "value": "exemplo.txt",
      "type": "string"
    }
  },
  "resources": [
    {
      "mode": "data",
      "type": "local_file",
      "name": "conteudo_exemplo",
      "provider": "provider[\"registry.terraform.io/hashicorp/local\"]",
      "instances": [
        {
          "schema_version": 0,
          "attributes": {
            "content": "valor do output",
            "content_base64": "dmFsb3IgZG8gb3V0cHV0",
            "content_base64sha256": "WbY6vju3++ukL5cLFDVSXUqtSmk6C2z+pSNnnJwKcaQ=",
            "content_base64sha512": "pW3oD41K2Omw4DyGZHU49A9V3tJn5utYaMA+MvbqMjA0BzzOIBqI/d7rpjeuHU4/bI2CECwMxEjGISGVYlKBfA==",
            "content_md5": "23c7c5e27433b483b8303e19ac505ded",
            "content_sha1": "b13f216a762a76d4099b5bd650674885b6dba0d8",
            "content_sha256": "59b63abe3bb7fbeba42f970b1435525d4aad4a693a0b6cfea523679c9c0a71a4",
            "content_sha512": "a56de80f8d4ad8e9b0e03c86647538f40f55ded267e6eb5868c03e32f6ea323034073cce201a88fddeeba637ae1d4e3f6c8d82102c0cc448c62121956252817c",
            "filename": "exemplo.txt",
            "id": "b13f216a762a76d4099b5bd650674885b6dba0d8"
          },
          "sensitive_attributes": []
        }
      ]
    },
    {
      "mode": "managed",
      "type": "local_file",
      "name": "exemplo",
      "provider": "provider[\"registry.terraform.io/hashicorp/local\"]",
      "instances": [
        {
          "schema_version": 0,
          "attributes": {
            "content": "valor do output",
            "content_base64": null,
            "content_base64sha256": "WbY6vju3++ukL5cLFDVSXUqtSmk6C2z+pSNnnJwKcaQ=",
            "content_base64sha512": "pW3oD41K2Omw4DyGZHU49A9V3tJn5utYaMA+MvbqMjA0BzzOIBqI/d7rpjeuHU4/bI2CECwMxEjGISGVYlKBfA==",
            "content_md5": "23c7c5e27433b483b8303e19ac505ded",
            "content_sha1": "b13f216a762a76d4099b5bd650674885b6dba0d8",
            "content_sha256": "59b63abe3bb7fbeba42f970b1435525d4aad4a693a0b6cfea523679c9c0a71a4",
            "content_sha512": "a56de80f8d4ad8e9b0e03c86647538f40f55ded267e6eb5868c03e32f6ea323034073cce201a88fddeeba637ae1d4e3f6c8d82102c0cc448c62121956252817c",
            "directory_permission": "0777",
            "file_permission": "0777",
            "filename": "exemplo.txt",
            "id": "b13f216a762a76d4099b5bd650674885b6dba0d8",
            "sensitive_content": null,
            "source": null
          },
          "sensitive_attributes": [
            [
              {
                "type": "get_attr",
                "value": "sensitive_content"
              }
            ]
          ]
        }
      ]
    }
  ],
  "check_results": null
}
