{
  "version": 4,
  "terraform_version": "1.9.7",
  "serial": 154,
  "lineage": "a492f079-f301-7d1b-8271-4f29d6c64e99",
  "outputs": {},
  "resources": [
    {
      "mode": "data",
      "type": "aws_availability_zones",
      "name": "available",
      "provider": "provider[\"registry.terraform.io/hashicorp/aws\"]",
      "instances": [
        {
          "schema_version": 0,
          "attributes": {
            "all_availability_zones": null,
            "exclude_names": null,
            "exclude_zone_ids": null,
            "filter": null,
            "group_names": [
              "us-east-2"
            ],
            "id": "us-east-2",
            "names": [
              "us-east-2a",
              "us-east-2b",
              "us-east-2c"
            ],
            "state": "available",
            "timeouts": null,
            "zone_ids": [
              "use2-az1",
              "use2-az2",
              "use2-az3"
            ]
          },
          "sensitive_attributes": []
        }
      ]
    },
    {
      "mode": "managed",
      "type": "aws_cloudwatch_log_group",
      "name": "log",
      "provider": "provider[\"registry.terraform.io/hashicorp/aws\"]",
      "instances": [
        {
          "schema_version": 0,
          "attributes": {
            "arn": "arn:aws:logs:us-east-2:307678735738:log-group:/aws/eks/fullcycle-cursofc/cluster",
            "id": "/aws/eks/fullcycle-cursofc/cluster",
            "kms_key_id": "",
            "log_group_class": "STANDARD",
            "name": "/aws/eks/fullcycle-cursofc/cluster",
            "name_prefix": "",
            "retention_in_days": 30,
            "skip_destroy": false,
            "tags": {},
            "tags_all": {}
          },
          "sensitive_attributes": [],
          "private": "bnVsbA=="
        }
      ]
    },
    {
      "mode": "managed",
      "type": "aws_eks_cluster",
      "name": "cluster",
      "provider": "provider[\"registry.terraform.io/hashicorp/aws\"]",
      "instances": [
        {
          "schema_version": 1,
          "attributes": {
            "access_config": [
              {
                "authentication_mode": "CONFIG_MAP",
                "bootstrap_cluster_creator_admin_permissions": true
              }
            ],
            "arn": "arn:aws:eks:us-east-2:307678735738:cluster/fullcycle-cursofc",
            "bootstrap_self_managed_addons": true,
            "certificate_authority": [
              {
                "data": "LS0tLS1CRUdJTiBDRVJUSUZJQ0FURS0tLS0tCk1JSURCVENDQWUyZ0F3SUJBZ0lJY09uRTNMYmpBcHN3RFFZSktvWklodmNOQVFFTEJRQXdGVEVUTUJFR0ExVUUKQXhNS2EzVmlaWEp1WlhSbGN6QWVGdzB5TkRFeU1ERXlNRE13TXpOYUZ3MHpOREV4TWpreU1ETTFNek5hTUJVeApFekFSQmdOVkJBTVRDbXQxWW1WeWJtVjBaWE13Z2dFaU1BMEdDU3FHU0liM0RRRUJBUVVBQTRJQkR3QXdnZ0VLCkFvSUJBUUNranBuUFhEZ29FbXJEL1FvOFVZNEYyYVNiQVgxVWJWSjlOeTdqRThmTzY1TlMra3VZaUJtVkxPSjkKVndxVVNRa1N6dnQ4ZGhHQkVPZDhJUmxDamhVd1ZBTERlbm1meFIxd3J5aW5LeitUMUo2eUhEbS9kSHVqbzg0dwpMekNoajNsZUtHZkMrRWFhOWVETURUY3BTMzd2cUY0VHNTOXM4cXR6RXZxMWdUTUlIVEZIMDdlbkpRRlk0TStaCnZydkZGcERqcjJQZ2cxSkpjQmQ5d2J6TkdXMWpSN0hyZkg5cTdDK2NzOERBalJuSVVUTnE1b0JpV0U5MmNDK3IKTEJIUmJUcGdQTWExdW5xVm43OFRqK2xHOXpWQXFWNHIwR1pnVTlIV0RnR1c3TzkwbEYrZEN3Ly9yRGNxejkvMApaVjhMWUVuaWUxclpJSkRFSjlhVjYweGh3TVBwQWdNQkFBR2pXVEJYTUE0R0ExVWREd0VCL3dRRUF3SUNwREFQCkJnTlZIUk1CQWY4RUJUQURBUUgvTUIwR0ExVWREZ1FXQkJTbkx2dkkwSnpPR3E1NnBiamIrK3AwWWdidDdqQVYKQmdOVkhSRUVEakFNZ2dwcmRXSmxjbTVsZEdWek1BMEdDU3FHU0liM0RRRUJDd1VBQTRJQkFRQnZ5VngyQ09EbwpCbDRIUTB4d2wvU25jZEFrV3RHN0JNYVoxU3lHa2RCM1JQQVNwdHZObFNOQXRSNjR3ZXYxaFhTVXhxUkY5U2puClR4T003TXRGczMwWHhqUnQ1a1NWNHdHRzJnMlhramZwR2FBU0FLRVNINm14bXZteDdqNmZQYW1oMitmY2x3Ly8KcXJYaFRLNTQ0UkNHNFgxZG1XOHl4YlIwSzNiblFYOEo0MFFiWTdCa1hmUk1TNXp1TEQ4NDVtclpoMTRrRUpmRgpUbWVram1GbG1WR1NaVHRxbnZaTDZ2ZnppQWx4TUJOeWs0b1dNMG01ZzlzRTdSVFliV0w0SXZqbkpJSVRkZnhpClBieWErdHY5OFBDbnhEV1ZieXN5NTREQVVHd3N4YjlkNjcveFZ4T0lTN0lsNWhaRGM0U21RdS9HZndvWVVRQWEKSVgzOUFzRFdnSld5Ci0tLS0tRU5EIENFUlRJRklDQVRFLS0tLS0K"
              }
            ],
            "cluster_id": null,
            "created_at": "2024-12-01T20:31:06Z",
            "enabled_cluster_log_types": [
              "api",
              "audit"
            ],
            "encryption_config": [],
            "endpoint": "https://B8D0287124C2B39B443890C62B6B41AB.sk1.us-east-2.eks.amazonaws.com",
            "id": "fullcycle-cursofc",
            "identity": [
              {
                "oidc": [
                  {
                    "issuer": "https://oidc.eks.us-east-2.amazonaws.com/id/B8D0287124C2B39B443890C62B6B41AB"
                  }
                ]
              }
            ],
            "kubernetes_network_config": [
              {
                "ip_family": "ipv4",
                "service_ipv4_cidr": "172.20.0.0/16",
                "service_ipv6_cidr": ""
              }
            ],
            "name": "fullcycle-cursofc",
            "outpost_config": [],
            "platform_version": "eks.12",
            "role_arn": "arn:aws:iam::307678735738:role/fullcycle-cursofc-role",
            "status": "ACTIVE",
            "tags": {},
            "tags_all": {},
            "timeouts": null,
            "upgrade_policy": [
              {
                "support_type": "EXTENDED"
              }
            ],
            "version": "1.31",
            "vpc_config": [
              {
                "cluster_security_group_id": "sg-0e2457a2c535efa2a",
                "endpoint_private_access": false,
                "endpoint_public_access": true,
                "public_access_cidrs": [
                  "0.0.0.0/0"
                ],
                "security_group_ids": [
                  "sg-03f8bef1be501cc7b"
                ],
                "subnet_ids": [
                  "subnet-011e12908fae58aae",
                  "subnet-0facbd2001549bb61"
                ],
                "vpc_id": "vpc-0d1ded7aa1474461c"
              }
            ],
            "zonal_shift_config": []
          },
          "sensitive_attributes": [],
          "private": "eyJlMmJmYjczMC1lY2FhLTExZTYtOGY4OC0zNDM2M2JjN2M0YzAiOnsiY3JlYXRlIjoxODAwMDAwMDAwMDAwLCJkZWxldGUiOjkwMDAwMDAwMDAwMCwidXBkYXRlIjozNjAwMDAwMDAwMDAwfSwic2NoZW1hX3ZlcnNpb24iOiIxIn0=",
          "dependencies": [
            "aws_cloudwatch_log_group.log",
            "aws_iam_role.cluster",
            "aws_iam_role_policy_attachment.cluster-AmazonEKSClusterPolicy",
            "aws_iam_role_policy_attachment.cluster-AmazonEKSVPCResourceController",
            "aws_security_group.sg",
            "aws_subnet.subnets",
            "aws_vpc.new-vpc",
            "data.aws_availability_zones.available"
          ]
        }
      ]
    },
    {
      "mode": "managed",
      "type": "aws_eks_node_group",
      "name": "node-1",
      "provider": "provider[\"registry.terraform.io/hashicorp/aws\"]",
      "instances": [
        {
          "schema_version": 0,
          "attributes": {
            "ami_type": "AL2023_x86_64_STANDARD",
            "arn": "arn:aws:eks:us-east-2:307678735738:nodegroup/fullcycle-cursofc/cursofc-node-1/dec9c1f9-274e-de7e-fd0d-18963fa47741",
            "capacity_type": "ON_DEMAND",
            "cluster_name": "fullcycle-cursofc",
            "disk_size": 20,
            "force_update_version": null,
            "id": "fullcycle-cursofc:cursofc-node-1",
            "instance_types": [
              "t2.micro"
            ],
            "labels": {},
            "launch_template": [],
            "node_group_name": "cursofc-node-1",
            "node_group_name_prefix": "",
            "node_role_arn": "arn:aws:iam::307678735738:role/fullcycle-cursofc-role-node",
            "release_version": "1.31.2-20241121",
            "remote_access": [],
            "resources": [
              {
                "autoscaling_groups": [
                  {
                    "name": "eks-cursofc-node-1-dec9c1f9-274e-de7e-fd0d-18963fa47741"
                  }
                ],
                "remote_access_security_group_id": ""
              }
            ],
            "scaling_config": [
              {
                "desired_size": 2,
                "max_size": 4,
                "min_size": 2
              }
            ],
            "status": "ACTIVE",
            "subnet_ids": [
              "subnet-011e12908fae58aae",
              "subnet-0facbd2001549bb61"
            ],
            "tags": {},
            "tags_all": {},
            "taint": [],
            "timeouts": null,
            "update_config": [
              {
                "max_unavailable": 1,
                "max_unavailable_percentage": 0
              }
            ],
            "version": "1.31"
          },
          "sensitive_attributes": [],
          "private": "eyJlMmJmYjczMC1lY2FhLTExZTYtOGY4OC0zNDM2M2JjN2M0YzAiOnsiY3JlYXRlIjozNjAwMDAwMDAwMDAwLCJkZWxldGUiOjM2MDAwMDAwMDAwMDAsInVwZGF0ZSI6MzYwMDAwMDAwMDAwMH19",
          "dependencies": [
            "aws_cloudwatch_log_group.log",
            "aws_eks_cluster.cluster",
            "aws_iam_role.cluster",
            "aws_iam_role.node",
            "aws_iam_role_policy_attachment.cluster-AmazonEKSClusterPolicy",
            "aws_iam_role_policy_attachment.cluster-AmazonEKSVPCResourceController",
            "aws_iam_role_policy_attachment.node-AmazonEC2ContainerRegistryReadOnly",
            "aws_iam_role_policy_attachment.node-AmazonEKSWorkerNodePolicy",
            "aws_iam_role_policy_attachment.node-AmazonEKS_CNI_Policy",
            "aws_security_group.sg",
            "aws_subnet.subnets",
            "aws_vpc.new-vpc",
            "data.aws_availability_zones.available"
          ]
        }
      ]
    },
    {
      "mode": "managed",
      "type": "aws_eks_node_group",
      "name": "node-2",
      "provider": "provider[\"registry.terraform.io/hashicorp/aws\"]",
      "instances": [
        {
          "schema_version": 0,
          "attributes": {
            "ami_type": "AL2023_x86_64_STANDARD",
            "arn": "arn:aws:eks:us-east-2:307678735738:nodegroup/fullcycle-cursofc/cursofc-node-2/56c9c1f9-274c-7711-c56d-e632896e8339",
            "capacity_type": "ON_DEMAND",
            "cluster_name": "fullcycle-cursofc",
            "disk_size": 20,
            "force_update_version": null,
            "id": "fullcycle-cursofc:cursofc-node-2",
            "instance_types": [
              "t2.micro"
            ],
            "labels": {},
            "launch_template": [],
            "node_group_name": "cursofc-node-2",
            "node_group_name_prefix": "",
            "node_role_arn": "arn:aws:iam::307678735738:role/fullcycle-cursofc-role-node",
            "release_version": "1.31.2-20241121",
            "remote_access": [],
            "resources": [
              {
                "autoscaling_groups": [
                  {
                    "name": "eks-cursofc-node-2-56c9c1f9-274c-7711-c56d-e632896e8339"
                  }
                ],
                "remote_access_security_group_id": ""
              }
            ],
            "scaling_config": [
              {
                "desired_size": 2,
                "max_size": 4,
                "min_size": 2
              }
            ],
            "status": "ACTIVE",
            "subnet_ids": [
              "subnet-011e12908fae58aae",
              "subnet-0facbd2001549bb61"
            ],
            "tags": {},
            "tags_all": {},
            "taint": [],
            "timeouts": null,
            "update_config": [
              {
                "max_unavailable": 1,
                "max_unavailable_percentage": 0
              }
            ],
            "version": "1.31"
          },
          "sensitive_attributes": [],
          "private": "eyJlMmJmYjczMC1lY2FhLTExZTYtOGY4OC0zNDM2M2JjN2M0YzAiOnsiY3JlYXRlIjozNjAwMDAwMDAwMDAwLCJkZWxldGUiOjM2MDAwMDAwMDAwMDAsInVwZGF0ZSI6MzYwMDAwMDAwMDAwMH19",
          "dependencies": [
            "aws_cloudwatch_log_group.log",
            "aws_eks_cluster.cluster",
            "aws_iam_role.cluster",
            "aws_iam_role.node",
            "aws_iam_role_policy_attachment.cluster-AmazonEKSClusterPolicy",
            "aws_iam_role_policy_attachment.cluster-AmazonEKSVPCResourceController",
            "aws_iam_role_policy_attachment.node-AmazonEC2ContainerRegistryReadOnly",
            "aws_iam_role_policy_attachment.node-AmazonEKSWorkerNodePolicy",
            "aws_iam_role_policy_attachment.node-AmazonEKS_CNI_Policy",
            "aws_security_group.sg",
            "aws_subnet.subnets",
            "aws_vpc.new-vpc",
            "data.aws_availability_zones.available"
          ]
        }
      ]
    },
    {
      "mode": "managed",
      "type": "aws_iam_role",
      "name": "cluster",
      "provider": "provider[\"registry.terraform.io/hashicorp/aws\"]",
      "instances": [
        {
          "schema_version": 0,
          "attributes": {
            "arn": "arn:aws:iam::307678735738:role/fullcycle-cursofc-role",
            "assume_role_policy": "{\"Statement\":[{\"Action\":\"sts:AssumeRole\",\"Effect\":\"Allow\",\"Principal\":{\"Service\":\"eks.amazonaws.com\"}}],\"Version\":\"2012-10-17\"}",
            "create_date": "2024-12-01T20:30:48Z",
            "description": "",
            "force_detach_policies": false,
            "id": "fullcycle-cursofc-role",
            "inline_policy": [],
            "managed_policy_arns": [
              "arn:aws:iam::aws:policy/AmazonEKSClusterPolicy",
              "arn:aws:iam::aws:policy/AmazonEKSVPCResourceController"
            ],
            "max_session_duration": 3600,
            "name": "fullcycle-cursofc-role",
            "name_prefix": "",
            "path": "/",
            "permissions_boundary": "",
            "tags": {},
            "tags_all": {},
            "unique_id": "AROAUPIYU5V5M67BJ4YJG"
          },
          "sensitive_attributes": [],
          "private": "bnVsbA=="
        }
      ]
    },
    {
      "mode": "managed",
      "type": "aws_iam_role",
      "name": "node",
      "provider": "provider[\"registry.terraform.io/hashicorp/aws\"]",
      "instances": [
        {
          "schema_version": 0,
          "attributes": {
            "arn": "arn:aws:iam::307678735738:role/fullcycle-cursofc-role-node",
            "assume_role_policy": "{\"Statement\":[{\"Action\":\"sts:AssumeRole\",\"Effect\":\"Allow\",\"Principal\":{\"Service\":\"ec2.amazonaws.com\"}}],\"Version\":\"2012-10-17\"}",
            "create_date": "2024-12-01T20:30:48Z",
            "description": "",
            "force_detach_policies": false,
            "id": "fullcycle-cursofc-role-node",
            "inline_policy": [],
            "managed_policy_arns": [
              "arn:aws:iam::aws:policy/AmazonEC2ContainerRegistryReadOnly",
              "arn:aws:iam::aws:policy/AmazonEKSWorkerNodePolicy",
              "arn:aws:iam::aws:policy/AmazonEKS_CNI_Policy"
            ],
            "max_session_duration": 3600,
            "name": "fullcycle-cursofc-role-node",
            "name_prefix": "",
            "path": "/",
            "permissions_boundary": "",
            "tags": {},
            "tags_all": {},
            "unique_id": "AROAUPIYU5V5AV5523BFO"
          },
          "sensitive_attributes": [],
          "private": "bnVsbA=="
        }
      ]
    },
    {
      "mode": "managed",
      "type": "aws_iam_role_policy_attachment",
      "name": "cluster-AmazonEKSClusterPolicy",
      "provider": "provider[\"registry.terraform.io/hashicorp/aws\"]",
      "instances": [
        {
          "schema_version": 0,
          "attributes": {
            "id": "fullcycle-cursofc-role-20241201203049902000000001",
            "policy_arn": "arn:aws:iam::aws:policy/AmazonEKSClusterPolicy",
            "role": "fullcycle-cursofc-role"
          },
          "sensitive_attributes": [],
          "private": "bnVsbA==",
          "dependencies": [
            "aws_iam_role.cluster"
          ]
        }
      ]
    },
    {
      "mode": "managed",
      "type": "aws_iam_role_policy_attachment",
      "name": "cluster-AmazonEKSVPCResourceController",
      "provider": "provider[\"registry.terraform.io/hashicorp/aws\"]",
      "instances": [
        {
          "schema_version": 0,
          "attributes": {
            "id": "fullcycle-cursofc-role-20241201203049902100000002",
            "policy_arn": "arn:aws:iam::aws:policy/AmazonEKSVPCResourceController",
            "role": "fullcycle-cursofc-role"
          },
          "sensitive_attributes": [],
          "private": "bnVsbA==",
          "dependencies": [
            "aws_iam_role.cluster"
          ]
        }
      ]
    },
    {
      "mode": "managed",
      "type": "aws_iam_role_policy_attachment",
      "name": "node-AmazonEC2ContainerRegistryReadOnly",
      "provider": "provider[\"registry.terraform.io/hashicorp/aws\"]",
      "instances": [
        {
          "schema_version": 0,
          "attributes": {
            "id": "fullcycle-cursofc-role-node-20241201203050135000000004",
            "policy_arn": "arn:aws:iam::aws:policy/AmazonEC2ContainerRegistryReadOnly",
            "role": "fullcycle-cursofc-role-node"
          },
          "sensitive_attributes": [],
          "private": "bnVsbA==",
          "dependencies": [
            "aws_iam_role.node"
          ]
        }
      ]
    },
    {
      "mode": "managed",
      "type": "aws_iam_role_policy_attachment",
      "name": "node-AmazonEKSWorkerNodePolicy",
      "provider": "provider[\"registry.terraform.io/hashicorp/aws\"]",
      "instances": [
        {
          "schema_version": 0,
          "attributes": {
            "id": "fullcycle-cursofc-role-node-20241201203050134800000003",
            "policy_arn": "arn:aws:iam::aws:policy/AmazonEKSWorkerNodePolicy",
            "role": "fullcycle-cursofc-role-node"
          },
          "sensitive_attributes": [],
          "private": "bnVsbA==",
          "dependencies": [
            "aws_iam_role.node"
          ]
        }
      ]
    },
    {
      "mode": "managed",
      "type": "aws_iam_role_policy_attachment",
      "name": "node-AmazonEKS_CNI_Policy",
      "provider": "provider[\"registry.terraform.io/hashicorp/aws\"]",
      "instances": [
        {
          "schema_version": 0,
          "attributes": {
            "id": "fullcycle-cursofc-role-node-20241201203050365000000005",
            "policy_arn": "arn:aws:iam::aws:policy/AmazonEKS_CNI_Policy",
            "role": "fullcycle-cursofc-role-node"
          },
          "sensitive_attributes": [],
          "private": "bnVsbA==",
          "dependencies": [
            "aws_iam_role.node"
          ]
        }
      ]
    },
    {
      "mode": "managed",
      "type": "aws_internet_gateway",
      "name": "new-igw",
      "provider": "provider[\"registry.terraform.io/hashicorp/aws\"]",
      "instances": [
        {
          "schema_version": 0,
          "attributes": {
            "arn": "arn:aws:ec2:us-east-2:307678735738:internet-gateway/igw-0b16ca6c1052be416",
            "id": "igw-0b16ca6c1052be416",
            "owner_id": "307678735738",
            "tags": {
              "Name": "fullcycle-igw"
            },
            "tags_all": {
              "Name": "fullcycle-igw"
            },
            "timeouts": null,
            "vpc_id": "vpc-0d1ded7aa1474461c"
          },
          "sensitive_attributes": [],
          "private": "eyJlMmJmYjczMC1lY2FhLTExZTYtOGY4OC0zNDM2M2JjN2M0YzAiOnsiY3JlYXRlIjoxMjAwMDAwMDAwMDAwLCJkZWxldGUiOjEyMDAwMDAwMDAwMDAsInVwZGF0ZSI6MTIwMDAwMDAwMDAwMH19",
          "dependencies": [
            "aws_vpc.new-vpc"
          ]
        }
      ]
    },
    {
      "mode": "managed",
      "type": "aws_route_table",
      "name": "new-route-table",
      "provider": "provider[\"registry.terraform.io/hashicorp/aws\"]",
      "instances": [
        {
          "schema_version": 0,
          "attributes": {
            "arn": "arn:aws:ec2:us-east-2:307678735738:route-table/rtb-0981c0ec4a8d288a8",
            "id": "rtb-0981c0ec4a8d288a8",
            "owner_id": "307678735738",
            "propagating_vgws": [],
            "route": [
              {
                "carrier_gateway_id": "",
                "cidr_block": "0.0.0.0/0",
                "core_network_arn": "",
                "destination_prefix_list_id": "",
                "egress_only_gateway_id": "",
                "gateway_id": "igw-0b16ca6c1052be416",
                "ipv6_cidr_block": "",
                "local_gateway_id": "",
                "nat_gateway_id": "",
                "network_interface_id": "",
                "transit_gateway_id": "",
                "vpc_endpoint_id": "",
                "vpc_peering_connection_id": ""
              }
            ],
            "tags": {
              "Name": "fullcycle-route-table"
            },
            "tags_all": {
              "Name": "fullcycle-route-table"
            },
            "timeouts": null,
            "vpc_id": "vpc-0d1ded7aa1474461c"
          },
          "sensitive_attributes": [],
          "private": "eyJlMmJmYjczMC1lY2FhLTExZTYtOGY4OC0zNDM2M2JjN2M0YzAiOnsiY3JlYXRlIjozMDAwMDAwMDAwMDAsImRlbGV0ZSI6MzAwMDAwMDAwMDAwLCJ1cGRhdGUiOjEyMDAwMDAwMDAwMH19",
          "dependencies": [
            "aws_internet_gateway.new-igw",
            "aws_vpc.new-vpc"
          ]
        }
      ]
    },
    {
      "mode": "managed",
      "type": "aws_route_table_association",
      "name": "new-route-table-association",
      "provider": "provider[\"registry.terraform.io/hashicorp/aws\"]",
      "instances": [
        {
          "index_key": 0,
          "schema_version": 0,
          "attributes": {
            "gateway_id": "",
            "id": "rtbassoc-0ec0a4be34ffee668",
            "route_table_id": "rtb-0981c0ec4a8d288a8",
            "subnet_id": "subnet-0facbd2001549bb61",
            "timeouts": null
          },
          "sensitive_attributes": [],
          "private": "eyJlMmJmYjczMC1lY2FhLTExZTYtOGY4OC0zNDM2M2JjN2M0YzAiOnsiY3JlYXRlIjozMDAwMDAwMDAwMDAsImRlbGV0ZSI6MzAwMDAwMDAwMDAwLCJ1cGRhdGUiOjEyMDAwMDAwMDAwMH19",
          "dependencies": [
            "aws_internet_gateway.new-igw",
            "aws_route_table.new-route-table",
            "aws_subnet.subnets",
            "aws_vpc.new-vpc",
            "data.aws_availability_zones.available"
          ]
        },
        {
          "index_key": 1,
          "schema_version": 0,
          "attributes": {
            "gateway_id": "",
            "id": "rtbassoc-0b9af199016f00a73",
            "route_table_id": "rtb-0981c0ec4a8d288a8",
            "subnet_id": "subnet-011e12908fae58aae",
            "timeouts": null
          },
          "sensitive_attributes": [],
          "private": "eyJlMmJmYjczMC1lY2FhLTExZTYtOGY4OC0zNDM2M2JjN2M0YzAiOnsiY3JlYXRlIjozMDAwMDAwMDAwMDAsImRlbGV0ZSI6MzAwMDAwMDAwMDAwLCJ1cGRhdGUiOjEyMDAwMDAwMDAwMH19",
          "dependencies": [
            "aws_internet_gateway.new-igw",
            "aws_route_table.new-route-table",
            "aws_subnet.subnets",
            "aws_vpc.new-vpc",
            "data.aws_availability_zones.available"
          ]
        }
      ]
    },
    {
      "mode": "managed",
      "type": "aws_security_group",
      "name": "sg",
      "provider": "provider[\"registry.terraform.io/hashicorp/aws\"]",
      "instances": [
        {
          "schema_version": 1,
          "attributes": {
            "arn": "arn:aws:ec2:us-east-2:307678735738:security-group/sg-03f8bef1be501cc7b",
            "description": "Managed by Terraform",
            "egress": [
              {
                "cidr_blocks": [
                  "0.0.0.0/0"
                ],
                "description": "",
                "from_port": 0,
                "ipv6_cidr_blocks": [],
                "prefix_list_ids": [],
                "protocol": "-1",
                "security_groups": [],
                "self": false,
                "to_port": 0
              }
            ],
            "id": "sg-03f8bef1be501cc7b",
            "ingress": [],
            "name": "terraform-20241201203051360500000006",
            "name_prefix": "terraform-",
            "owner_id": "307678735738",
            "revoke_rules_on_delete": false,
            "tags": {
              "Name": "fullcycle-sg"
            },
            "tags_all": {
              "Name": "fullcycle-sg"
            },
            "timeouts": null,
            "vpc_id": "vpc-0d1ded7aa1474461c"
          },
          "sensitive_attributes": [],
          "private": "eyJlMmJmYjczMC1lY2FhLTExZTYtOGY4OC0zNDM2M2JjN2M0YzAiOnsiY3JlYXRlIjo2MDAwMDAwMDAwMDAsImRlbGV0ZSI6OTAwMDAwMDAwMDAwfSwic2NoZW1hX3ZlcnNpb24iOiIxIn0=",
          "dependencies": [
            "aws_vpc.new-vpc"
          ]
        }
      ]
    },
    {
      "mode": "managed",
      "type": "aws_subnet",
      "name": "subnets",
      "provider": "provider[\"registry.terraform.io/hashicorp/aws\"]",
      "instances": [
        {
          "index_key": 0,
          "schema_version": 1,
          "attributes": {
            "arn": "arn:aws:ec2:us-east-2:307678735738:subnet/subnet-0facbd2001549bb61",
            "assign_ipv6_address_on_creation": false,
            "availability_zone": "us-east-2a",
            "availability_zone_id": "use2-az1",
            "cidr_block": "10.0.0.0/24",
            "customer_owned_ipv4_pool": "",
            "enable_dns64": false,
            "enable_lni_at_device_index": 0,
            "enable_resource_name_dns_a_record_on_launch": false,
            "enable_resource_name_dns_aaaa_record_on_launch": false,
            "id": "subnet-0facbd2001549bb61",
            "ipv6_cidr_block": "",
            "ipv6_cidr_block_association_id": "",
            "ipv6_native": false,
            "map_customer_owned_ip_on_launch": false,
            "map_public_ip_on_launch": true,
            "outpost_arn": "",
            "owner_id": "307678735738",
            "private_dns_hostname_type_on_launch": "ip-name",
            "tags": {
              "Name": "fullcycle-subnet-1"
            },
            "tags_all": {
              "Name": "fullcycle-subnet-1"
            },
            "timeouts": null,
            "vpc_id": "vpc-0d1ded7aa1474461c"
          },
          "sensitive_attributes": [],
          "private": "eyJlMmJmYjczMC1lY2FhLTExZTYtOGY4OC0zNDM2M2JjN2M0YzAiOnsiY3JlYXRlIjo2MDAwMDAwMDAwMDAsImRlbGV0ZSI6MTIwMDAwMDAwMDAwMH0sInNjaGVtYV92ZXJzaW9uIjoiMSJ9",
          "dependencies": [
            "aws_vpc.new-vpc",
            "data.aws_availability_zones.available"
          ]
        },
        {
          "index_key": 1,
          "schema_version": 1,
          "attributes": {
            "arn": "arn:aws:ec2:us-east-2:307678735738:subnet/subnet-011e12908fae58aae",
            "assign_ipv6_address_on_creation": false,
            "availability_zone": "us-east-2b",
            "availability_zone_id": "use2-az2",
            "cidr_block": "10.0.1.0/24",
            "customer_owned_ipv4_pool": "",
            "enable_dns64": false,
            "enable_lni_at_device_index": 0,
            "enable_resource_name_dns_a_record_on_launch": false,
            "enable_resource_name_dns_aaaa_record_on_launch": false,
            "id": "subnet-011e12908fae58aae",
            "ipv6_cidr_block": "",
            "ipv6_cidr_block_association_id": "",
            "ipv6_native": false,
            "map_customer_owned_ip_on_launch": false,
            "map_public_ip_on_launch": true,
            "outpost_arn": "",
            "owner_id": "307678735738",
            "private_dns_hostname_type_on_launch": "ip-name",
            "tags": {
              "Name": "fullcycle-subnet-2"
            },
            "tags_all": {
              "Name": "fullcycle-subnet-2"
            },
            "timeouts": null,
            "vpc_id": "vpc-0d1ded7aa1474461c"
          },
          "sensitive_attributes": [],
          "private": "eyJlMmJmYjczMC1lY2FhLTExZTYtOGY4OC0zNDM2M2JjN2M0YzAiOnsiY3JlYXRlIjo2MDAwMDAwMDAwMDAsImRlbGV0ZSI6MTIwMDAwMDAwMDAwMH0sInNjaGVtYV92ZXJzaW9uIjoiMSJ9",
          "dependencies": [
            "aws_vpc.new-vpc",
            "data.aws_availability_zones.available"
          ]
        }
      ]
    },
    {
      "mode": "managed",
      "type": "aws_vpc",
      "name": "new-vpc",
      "provider": "provider[\"registry.terraform.io/hashicorp/aws\"]",
      "instances": [
        {
          "schema_version": 1,
          "attributes": {
            "arn": "arn:aws:ec2:us-east-2:307678735738:vpc/vpc-0d1ded7aa1474461c",
            "assign_generated_ipv6_cidr_block": false,
            "cidr_block": "10.0.0.0/16",
            "default_network_acl_id": "acl-00b229b91fc788b32",
            "default_route_table_id": "rtb-07549640cb5e4ad1f",
            "default_security_group_id": "sg-024fd65f781cbb476",
            "dhcp_options_id": "dopt-0934069ec1f427f11",
            "enable_dns_hostnames": false,
            "enable_dns_support": true,
            "enable_network_address_usage_metrics": false,
            "id": "vpc-0d1ded7aa1474461c",
            "instance_tenancy": "default",
            "ipv4_ipam_pool_id": null,
            "ipv4_netmask_length": null,
            "ipv6_association_id": "",
            "ipv6_cidr_block": "",
            "ipv6_cidr_block_network_border_group": "",
            "ipv6_ipam_pool_id": "",
            "ipv6_netmask_length": 0,
            "main_route_table_id": "rtb-07549640cb5e4ad1f",
            "owner_id": "307678735738",
            "tags": {
              "Name": "fullcycle-vpc"
            },
            "tags_all": {
              "Name": "fullcycle-vpc"
            }
          },
          "sensitive_attributes": [],
          "private": "eyJzY2hlbWFfdmVyc2lvbiI6IjEifQ=="
        }
      ]
    },
    {
      "mode": "managed",
      "type": "local_file",
      "name": "kubeconfig",
      "provider": "provider[\"registry.terraform.io/hashicorp/local\"]",
      "instances": [
        {
          "schema_version": 0,
          "attributes": {
            "content": "apiVersion: v1\nclusters:\n- cluster:\n    server: https://B8D0287124C2B39B443890C62B6B41AB.sk1.us-east-2.eks.amazonaws.com\n    certificate-authority-data: LS0tLS1CRUdJTiBDRVJUSUZJQ0FURS0tLS0tCk1JSURCVENDQWUyZ0F3SUJBZ0lJY09uRTNMYmpBcHN3RFFZSktvWklodmNOQVFFTEJRQXdGVEVUTUJFR0ExVUUKQXhNS2EzVmlaWEp1WlhSbGN6QWVGdzB5TkRFeU1ERXlNRE13TXpOYUZ3MHpOREV4TWpreU1ETTFNek5hTUJVeApFekFSQmdOVkJBTVRDbXQxWW1WeWJtVjBaWE13Z2dFaU1BMEdDU3FHU0liM0RRRUJBUVVBQTRJQkR3QXdnZ0VLCkFvSUJBUUNranBuUFhEZ29FbXJEL1FvOFVZNEYyYVNiQVgxVWJWSjlOeTdqRThmTzY1TlMra3VZaUJtVkxPSjkKVndxVVNRa1N6dnQ4ZGhHQkVPZDhJUmxDamhVd1ZBTERlbm1meFIxd3J5aW5LeitUMUo2eUhEbS9kSHVqbzg0dwpMekNoajNsZUtHZkMrRWFhOWVETURUY3BTMzd2cUY0VHNTOXM4cXR6RXZxMWdUTUlIVEZIMDdlbkpRRlk0TStaCnZydkZGcERqcjJQZ2cxSkpjQmQ5d2J6TkdXMWpSN0hyZkg5cTdDK2NzOERBalJuSVVUTnE1b0JpV0U5MmNDK3IKTEJIUmJUcGdQTWExdW5xVm43OFRqK2xHOXpWQXFWNHIwR1pnVTlIV0RnR1c3TzkwbEYrZEN3Ly9yRGNxejkvMApaVjhMWUVuaWUxclpJSkRFSjlhVjYweGh3TVBwQWdNQkFBR2pXVEJYTUE0R0ExVWREd0VCL3dRRUF3SUNwREFQCkJnTlZIUk1CQWY4RUJUQURBUUgvTUIwR0ExVWREZ1FXQkJTbkx2dkkwSnpPR3E1NnBiamIrK3AwWWdidDdqQVYKQmdOVkhSRUVEakFNZ2dwcmRXSmxjbTVsZEdWek1BMEdDU3FHU0liM0RRRUJDd1VBQTRJQkFRQnZ5VngyQ09EbwpCbDRIUTB4d2wvU25jZEFrV3RHN0JNYVoxU3lHa2RCM1JQQVNwdHZObFNOQXRSNjR3ZXYxaFhTVXhxUkY5U2puClR4T003TXRGczMwWHhqUnQ1a1NWNHdHRzJnMlhramZwR2FBU0FLRVNINm14bXZteDdqNmZQYW1oMitmY2x3Ly8KcXJYaFRLNTQ0UkNHNFgxZG1XOHl4YlIwSzNiblFYOEo0MFFiWTdCa1hmUk1TNXp1TEQ4NDVtclpoMTRrRUpmRgpUbWVram1GbG1WR1NaVHRxbnZaTDZ2ZnppQWx4TUJOeWs0b1dNMG01ZzlzRTdSVFliV0w0SXZqbkpJSVRkZnhpClBieWErdHY5OFBDbnhEV1ZieXN5NTREQVVHd3N4YjlkNjcveFZ4T0lTN0lsNWhaRGM0U21RdS9HZndvWVVRQWEKSVgzOUFzRFdnSld5Ci0tLS0tRU5EIENFUlRJRklDQVRFLS0tLS0K\n  name: kubernetes\ncontexts:\n- context:\n    cluster: kubernetes\n    user: \"fullcycle-cursofc\"\n  name: \"fullcycle-cursofc\"\ncurrent-context: \"fullcycle-cursofc\"\nkind: Config\npreferences: {}\nusers:\n- name: \"fullcycle-cursofc\"\n  user:\n    exec:\n      apiVersion: client.authentication.k8s.io/v1alpha1\n      command: aws\n      args:\n        - \"eks\"\n        - \"update-kubeconfig\"\n        - \"--region\"\n        - \"us-east-2\"\n        - \"--name\"\n        - \"fullcycle-cursofc\"\n",
            "content_base64": null,
            "content_base64sha256": "rQgZAezAWtpaNqYZv1Mgxs/IHqRhGY7ZzXB5C8YKglo=",
            "content_base64sha512": "XGIIiRLBt281JcMUyHuaVgQt68L/S4M5XTbLRDrrlWF37sXybDoZNlXuXAMho9WgMjRf59mNnMMdF9/u7HcDog==",
            "content_md5": "a4a155e968f083759fd566a548c74de5",
            "content_sha1": "2be544fc6f4721d3372503ee278c5d28094593cd",
            "content_sha256": "ad081901ecc05ada5a36a619bf5320c6cfc81ea461198ed9cd70790bc60a825a",
            "content_sha512": "5c62088912c1b76f3525c314c87b9a56042debc2ff4b83395d36cb443aeb956177eec5f26c3a193655ee5c0321a3d5a032345fe7d98d9cc31d17dfeeec7703a2",
            "directory_permission": "0777",
            "file_permission": "0777",
            "filename": "kubeconfig",
            "id": "2be544fc6f4721d3372503ee278c5d28094593cd",
            "sensitive_content": null,
            "source": null
          },
          "sensitive_attributes": [
            [
              {
                "type": "get_attr",
                "value": "sensitive_content"
              }
            ]
          ],
          "dependencies": [
            "aws_cloudwatch_log_group.log",
            "aws_eks_cluster.cluster",
            "aws_iam_role.cluster",
            "aws_iam_role_policy_attachment.cluster-AmazonEKSClusterPolicy",
            "aws_iam_role_policy_attachment.cluster-AmazonEKSVPCResourceController",
            "aws_security_group.sg",
            "aws_subnet.subnets",
            "aws_vpc.new-vpc",
            "data.aws_availability_zones.available"
          ]
        }
      ]
    }
  ],
  "check_results": null
}
